
Microsoft Visual Studio Solution File, Format Version 12.00
# Visual Studio Version 16
VisualStudioVersion = 16.0.31025.194
MinimumVisualStudioVersion = 10.0.40219.1
Project("{8BC9CEB8-8B4A-11D0-8D11-00A0C91BC942}") = "LAB7_1", "LAB7_1\LAB7_1.vcxproj", "{76BB7961-E577-491C-B1F2-638D8B8A9CF2}"
EndProject
Project("{8BC9CEB8-8B4A-11D0-8D11-00A0C91BC942}") = "LAB7_2", "LAB7_2\LAB7_2.vcxproj", "{A7ABA670-9360-4723-8BD0-AABA0FC5228F}"
EndProject
Project("{8BC9CEB8-8B4A-11D0-8D11-00A0C91BC942}") = "LAB7_3", "LAB7_3\LAB7_3.vcxproj", "{40D84F9D-507C-453B-BE2F-709364C0FF38}"
EndProject
Project("{8BC9CEB8-8B4A-11D0-8D11-00A0C91BC942}") = "LAB7_4", "LAB7_4\LAB7_4.vcxproj", "{4EF3747B-1F1B-4BB2-B293-2EADFEC67069}"
EndProject
Project("{8BC9CEB8-8B4A-11D0-8D11-00A0C91BC942}") = "LAB7_5", "LAB7_5\LAB7_5.vcxproj", "{45EA0A7D-EB8D-4C50-BC34-1179865D6874}"
EndProject
Project("{8BC9CEB8-8B4A-11D0-8D11-00A0C91BC942}") = "LAB7_6", "LAB7_6\LAB7_6.vcxproj", "{C922C50C-0670-4C9B-802D-1234845D9541}"
EndProject
Project("{8BC9CEB8-8B4A-11D0-8D11-00A0C91BC942}") = "HW7_1", "HW7_1\HW7_1.vcxproj", "{37677406-AF50-4857-85B7-AA1F94AFC718}"
EndProject
Project("{8BC9CEB8-8B4A-11D0-8D11-00A0C91BC942}") = "HW7_2", "HW7_2\HW7_2.vcxproj", "{97BCA9CE-B352-40CD-9163-ABF4CBFCF959}"
EndProject
Project("{8BC9CEB8-8B4A-11D0-8D11-00A0C91BC942}") = "HW7_3", "HW7_3\HW7_3.vcxproj", "{A08665A6-FE4A-4C68-A8CC-C3A0E66ECDAE}"
EndProject
Project("{8BC9CEB8-8B4A-11D0-8D11-00A0C91BC942}") = "HW7_4", "HW7_4\HW7_4.vcxproj", "{22ED5DCD-730D-4D56-B9F8-5375DA6EEFE1}"
EndProject
Project("{8BC9CEB8-8B4A-11D0-8D11-00A0C91BC942}") = "HW7_6", "HW7_6\HW7_6.vcxproj", "{E12E5E3E-ACB8-4360-8AAF-D22A8A883D78}"
EndProject
Project("{8BC9CEB8-8B4A-11D0-8D11-00A0C91BC942}") = "HW7_4_2", "HW7_4_2\HW7_4_2.vcxproj", "{F65DA00F-329B-4299-9504-75E62FEF331B}"
EndProject
Project("{8BC9CEB8-8B4A-11D0-8D11-00A0C91BC942}") = "LAB7_4_서버제출", "LAB7_4_서버제출\LAB7_4_서버제출.vcxproj", "{F62728B7-BA2C-41F9-A5E0-E004B83614ED}"
EndProject
Project("{8BC9CEB8-8B4A-11D0-8D11-00A0C91BC942}") = "HW7_5", "HW7_5\HW7_5.vcxproj", "{17301362-3C08-413C-8BA3-A7BC3FAE7A7F}"
EndProject
Global
	GlobalSection(SolutionConfigurationPlatforms) = preSolution
		Debug|x64 = Debug|x64
		Debug|x86 = Debug|x86
		Release|x64 = Release|x64
		Release|x86 = Release|x86
	EndGlobalSection
	GlobalSection(ProjectConfigurationPlatforms) = postSolution
		{76BB7961-E577-491C-B1F2-638D8B8A9CF2}.Debug|x64.ActiveCfg = Debug|x64
		{76BB7961-E577-491C-B1F2-638D8B8A9CF2}.Debug|x64.Build.0 = Debug|x64
		{76BB7961-E577-491C-B1F2-638D8B8A9CF2}.Debug|x86.ActiveCfg = Debug|Win32
		{76BB7961-E577-491C-B1F2-638D8B8A9CF2}.Debug|x86.Build.0 = Debug|Win32
		{76BB7961-E577-491C-B1F2-638D8B8A9CF2}.Release|x64.ActiveCfg = Release|x64
		{76BB7961-E577-491C-B1F2-638D8B8A9CF2}.Release|x64.Build.0 = Release|x64
		{76BB7961-E577-491C-B1F2-638D8B8A9CF2}.Release|x86.ActiveCfg = Release|Win32
		{76BB7961-E577-491C-B1F2-638D8B8A9CF2}.Release|x86.Build.0 = Release|Win32
		{A7ABA670-9360-4723-8BD0-AABA0FC5228F}.Debug|x64.ActiveCfg = Debug|x64
		{A7ABA670-9360-4723-8BD0-AABA0FC5228F}.Debug|x64.Build.0 = Debug|x64
		{A7ABA670-9360-4723-8BD0-AABA0FC5228F}.Debug|x86.ActiveCfg = Debug|Win32
		{A7ABA670-9360-4723-8BD0-AABA0FC5228F}.Debug|x86.Build.0 = Debug|Win32
		{A7ABA670-9360-4723-8BD0-AABA0FC5228F}.Release|x64.ActiveCfg = Release|x64
		{A7ABA670-9360-4723-8BD0-AABA0FC5228F}.Release|x64.Build.0 = Release|x64
		{A7ABA670-9360-4723-8BD0-AABA0FC5228F}.Release|x86.ActiveCfg = Release|Win32
		{A7ABA670-9360-4723-8BD0-AABA0FC5228F}.Release|x86.Build.0 = Release|Win32
		{40D84F9D-507C-453B-BE2F-709364C0FF38}.Debug|x64.ActiveCfg = Debug|x64
		{40D84F9D-507C-453B-BE2F-709364C0FF38}.Debug|x64.Build.0 = Debug|x64
		{40D84F9D-507C-453B-BE2F-709364C0FF38}.Debug|x86.ActiveCfg = Debug|Win32
		{40D84F9D-507C-453B-BE2F-709364C0FF38}.Debug|x86.Build.0 = Debug|Win32
		{40D84F9D-507C-453B-BE2F-709364C0FF38}.Release|x64.ActiveCfg = Release|x64
		{40D84F9D-507C-453B-BE2F-709364C0FF38}.Release|x64.Build.0 = Release|x64
		{40D84F9D-507C-453B-BE2F-709364C0FF38}.Release|x86.ActiveCfg = Release|Win32
		{40D84F9D-507C-453B-BE2F-709364C0FF38}.Release|x86.Build.0 = Release|Win32
		{4EF3747B-1F1B-4BB2-B293-2EADFEC67069}.Debug|x64.ActiveCfg = Debug|x64
		{4EF3747B-1F1B-4BB2-B293-2EADFEC67069}.Debug|x64.Build.0 = Debug|x64
		{4EF3747B-1F1B-4BB2-B293-2EADFEC67069}.Debug|x86.ActiveCfg = Debug|Win32
		{4EF3747B-1F1B-4BB2-B293-2EADFEC67069}.Debug|x86.Build.0 = Debug|Win32
		{4EF3747B-1F1B-4BB2-B293-2EADFEC67069}.Release|x64.ActiveCfg = Release|x64
		{4EF3747B-1F1B-4BB2-B293-2EADFEC67069}.Release|x64.Build.0 = Release|x64
		{4EF3747B-1F1B-4BB2-B293-2EADFEC67069}.Release|x86.ActiveCfg = Release|Win32
		{4EF3747B-1F1B-4BB2-B293-2EADFEC67069}.Release|x86.Build.0 = Release|Win32
		{45EA0A7D-EB8D-4C50-BC34-1179865D6874}.Debug|x64.ActiveCfg = Debug|x64
		{45EA0A7D-EB8D-4C50-BC34-1179865D6874}.Debug|x64.Build.0 = Debug|x64
		{45EA0A7D-EB8D-4C50-BC34-1179865D6874}.Debug|x86.ActiveCfg = Debug|Win32
		{45EA0A7D-EB8D-4C50-BC34-1179865D6874}.Debug|x86.Build.0 = Debug|Win32
		{45EA0A7D-EB8D-4C50-BC34-1179865D6874}.Release|x64.ActiveCfg = Release|x64
		{45EA0A7D-EB8D-4C50-BC34-1179865D6874}.Release|x64.Build.0 = Release|x64
		{45EA0A7D-EB8D-4C50-BC34-1179865D6874}.Release|x86.ActiveCfg = Release|Win32
		{45EA0A7D-EB8D-4C50-BC34-1179865D6874}.Release|x86.Build.0 = Release|Win32
		{C922C50C-0670-4C9B-802D-1234845D9541}.Debug|x64.ActiveCfg = Debug|x64
		{C922C50C-0670-4C9B-802D-1234845D9541}.Debug|x64.Build.0 = Debug|x64
		{C922C50C-0670-4C9B-802D-1234845D9541}.Debug|x86.ActiveCfg = Debug|Win32
		{C922C50C-0670-4C9B-802D-1234845D9541}.Debug|x86.Build.0 = Debug|Win32
		{C922C50C-0670-4C9B-802D-1234845D9541}.Release|x64.ActiveCfg = Release|x64
		{C922C50C-0670-4C9B-802D-1234845D9541}.Release|x64.Build.0 = Release|x64
		{C922C50C-0670-4C9B-802D-1234845D9541}.Release|x86.ActiveCfg = Release|Win32
		{C922C50C-0670-4C9B-802D-1234845D9541}.Release|x86.Build.0 = Release|Win32
		{37677406-AF50-4857-85B7-AA1F94AFC718}.Debug|x64.ActiveCfg = Debug|x64
		{37677406-AF50-4857-85B7-AA1F94AFC718}.Debug|x64.Build.0 = Debug|x64
		{37677406-AF50-4857-85B7-AA1F94AFC718}.Debug|x86.ActiveCfg = Debug|Win32
		{37677406-AF50-4857-85B7-AA1F94AFC718}.Debug|x86.Build.0 = Debug|Win32
		{37677406-AF50-4857-85B7-AA1F94AFC718}.Release|x64.ActiveCfg = Release|x64
		{37677406-AF50-4857-85B7-AA1F94AFC718}.Release|x64.Build.0 = Release|x64
		{37677406-AF50-4857-85B7-AA1F94AFC718}.Release|x86.ActiveCfg = Release|Win32
		{37677406-AF50-4857-85B7-AA1F94AFC718}.Release|x86.Build.0 = Release|Win32
		{97BCA9CE-B352-40CD-9163-ABF4CBFCF959}.Debug|x64.ActiveCfg = Debug|x64
		{97BCA9CE-B352-40CD-9163-ABF4CBFCF959}.Debug|x64.Build.0 = Debug|x64
		{97BCA9CE-B352-40CD-9163-ABF4CBFCF959}.Debug|x86.ActiveCfg = Debug|Win32
		{97BCA9CE-B352-40CD-9163-ABF4CBFCF959}.Debug|x86.Build.0 = Debug|Win32
		{97BCA9CE-B352-40CD-9163-ABF4CBFCF959}.Release|x64.ActiveCfg = Release|x64
		{97BCA9CE-B352-40CD-9163-ABF4CBFCF959}.Release|x64.Build.0 = Release|x64
		{97BCA9CE-B352-40CD-9163-ABF4CBFCF959}.Release|x86.ActiveCfg = Release|Win32
		{97BCA9CE-B352-40CD-9163-ABF4CBFCF959}.Release|x86.Build.0 = Release|Win32
		{A08665A6-FE4A-4C68-A8CC-C3A0E66ECDAE}.Debug|x64.ActiveCfg = Debug|x64
		{A08665A6-FE4A-4C68-A8CC-C3A0E66ECDAE}.Debug|x64.Build.0 = Debug|x64
		{A08665A6-FE4A-4C68-A8CC-C3A0E66ECDAE}.Debug|x86.ActiveCfg = Debug|Win32
		{A08665A6-FE4A-4C68-A8CC-C3A0E66ECDAE}.Debug|x86.Build.0 = Debug|Win32
		{A08665A6-FE4A-4C68-A8CC-C3A0E66ECDAE}.Release|x64.ActiveCfg = Release|x64
		{A08665A6-FE4A-4C68-A8CC-C3A0E66ECDAE}.Release|x64.Build.0 = Release|x64
		{A08665A6-FE4A-4C68-A8CC-C3A0E66ECDAE}.Release|x86.ActiveCfg = Release|Win32
		{A08665A6-FE4A-4C68-A8CC-C3A0E66ECDAE}.Release|x86.Build.0 = Release|Win32
		{22ED5DCD-730D-4D56-B9F8-5375DA6EEFE1}.Debug|x64.ActiveCfg = Debug|x64
		{22ED5DCD-730D-4D56-B9F8-5375DA6EEFE1}.Debug|x64.Build.0 = Debug|x64
		{22ED5DCD-730D-4D56-B9F8-5375DA6EEFE1}.Debug|x86.ActiveCfg = Debug|Win32
		{22ED5DCD-730D-4D56-B9F8-5375DA6EEFE1}.Debug|x86.Build.0 = Debug|Win32
		{22ED5DCD-730D-4D56-B9F8-5375DA6EEFE1}.Release|x64.ActiveCfg = Release|x64
		{22ED5DCD-730D-4D56-B9F8-5375DA6EEFE1}.Release|x64.Build.0 = Release|x64
		{22ED5DCD-730D-4D56-B9F8-5375DA6EEFE1}.Release|x86.ActiveCfg = Release|Win32
		{22ED5DCD-730D-4D56-B9F8-5375DA6EEFE1}.Release|x86.Build.0 = Release|Win32
		{E12E5E3E-ACB8-4360-8AAF-D22A8A883D78}.Debug|x64.ActiveCfg = Debug|x64
		{E12E5E3E-ACB8-4360-8AAF-D22A8A883D78}.Debug|x64.Build.0 = Debug|x64
		{E12E5E3E-ACB8-4360-8AAF-D22A8A883D78}.Debug|x86.ActiveCfg = Debug|Win32
		{E12E5E3E-ACB8-4360-8AAF-D22A8A883D78}.Debug|x86.Build.0 = Debug|Win32
		{E12E5E3E-ACB8-4360-8AAF-D22A8A883D78}.Release|x64.ActiveCfg = Release|x64
		{E12E5E3E-ACB8-4360-8AAF-D22A8A883D78}.Release|x64.Build.0 = Release|x64
		{E12E5E3E-ACB8-4360-8AAF-D22A8A883D78}.Release|x86.ActiveCfg = Release|Win32
		{E12E5E3E-ACB8-4360-8AAF-D22A8A883D78}.Release|x86.Build.0 = Release|Win32
		{F65DA00F-329B-4299-9504-75E62FEF331B}.Debug|x64.ActiveCfg = Debug|x64
		{F65DA00F-329B-4299-9504-75E62FEF331B}.Debug|x64.Build.0 = Debug|x64
		{F65DA00F-329B-4299-9504-75E62FEF331B}.Debug|x86.ActiveCfg = Debug|Win32
		{F65DA00F-329B-4299-9504-75E62FEF331B}.Debug|x86.Build.0 = Debug|Win32
		{F65DA00F-329B-4299-9504-75E62FEF331B}.Release|x64.ActiveCfg = Release|x64
		{F65DA00F-329B-4299-9504-75E62FEF331B}.Release|x64.Build.0 = Release|x64
		{F65DA00F-329B-4299-9504-75E62FEF331B}.Release|x86.ActiveCfg = Release|Win32
		{F65DA00F-329B-4299-9504-75E62FEF331B}.Release|x86.Build.0 = Release|Win32
		{F62728B7-BA2C-41F9-A5E0-E004B83614ED}.Debug|x64.ActiveCfg = Debug|x64
		{F62728B7-BA2C-41F9-A5E0-E004B83614ED}.Debug|x64.Build.0 = Debug|x64
		{F62728B7-BA2C-41F9-A5E0-E004B83614ED}.Debug|x86.ActiveCfg = Debug|Win32
		{F62728B7-BA2C-41F9-A5E0-E004B83614ED}.Debug|x86.Build.0 = Debug|Win32
		{F62728B7-BA2C-41F9-A5E0-E004B83614ED}.Release|x64.ActiveCfg = Release|x64
		{F62728B7-BA2C-41F9-A5E0-E004B83614ED}.Release|x64.Build.0 = Release|x64
		{F62728B7-BA2C-41F9-A5E0-E004B83614ED}.Release|x86.ActiveCfg = Release|Win32
		{F62728B7-BA2C-41F9-A5E0-E004B83614ED}.Release|x86.Build.0 = Release|Win32
		{17301362-3C08-413C-8BA3-A7BC3FAE7A7F}.Debug|x64.ActiveCfg = Debug|x64
		{17301362-3C08-413C-8BA3-A7BC3FAE7A7F}.Debug|x64.Build.0 = Debug|x64
		{17301362-3C08-413C-8BA3-A7BC3FAE7A7F}.Debug|x86.ActiveCfg = Debug|Win32
		{17301362-3C08-413C-8BA3-A7BC3FAE7A7F}.Debug|x86.Build.0 = Debug|Win32
		{17301362-3C08-413C-8BA3-A7BC3FAE7A7F}.Release|x64.ActiveCfg = Release|x64
		{17301362-3C08-413C-8BA3-A7BC3FAE7A7F}.Release|x64.Build.0 = Release|x64
		{17301362-3C08-413C-8BA3-A7BC3FAE7A7F}.Release|x86.ActiveCfg = Release|Win32
		{17301362-3C08-413C-8BA3-A7BC3FAE7A7F}.Release|x86.Build.0 = Release|Win32
	EndGlobalSection
	GlobalSection(SolutionProperties) = preSolution
		HideSolutionNode = FALSE
	EndGlobalSection
	GlobalSection(ExtensibilityGlobals) = postSolution
		SolutionGuid = {7490F5D2-0465-4939-B765-6CEA182A6DF4}
	EndGlobalSection
EndGlobal
